
Microsoft Visual Studio Solution File, Format Version 12.00
# Visual Studio 15
VisualStudioVersion = 15.0.27703.2042
MinimumVisualStudioVersion = 10.0.40219.1
Project("{888888A0-9F3D-457C-B088-3A5042F75D52}") = "SideChannelAnalysis", "SideChannelAnalysis\SideChannelAnalysis.pyproj", "{644362A2-213E-4531-BC2E-1E9C02C9EBFF}"
EndProject
Global
	GlobalSection(SolutionConfigurationPlatforms) = preSolution
		Debug|Any CPU = Debug|Any CPU
		Release|Any CPU = Release|Any CPU
	EndGlobalSection
	GlobalSection(ProjectConfigurationPlatforms) = postSolution
		{644362A2-213E-4531-BC2E-1E9C02C9EBFF}.Debug|Any CPU.ActiveCfg = Debug|Any CPU
		{644362A2-213E-4531-BC2E-1E9C02C9EBFF}.Release|Any CPU.ActiveCfg = Release|Any CPU
	EndGlobalSection
	GlobalSection(SolutionProperties) = preSolution
		HideSolutionNode = FALSE
	EndGlobalSection
	GlobalSection(ExtensibilityGlobals) = postSolution
		SolutionGuid = {7FA1F15A-4C49-435A-BF01-858F2608BC59}
	EndGlobalSection
EndGlobal
